
Microsoft Visual Studio Solution File, Format Version 12.00
# Visual Studio Version 17
VisualStudioVersion = 17.0.31919.166
MinimumVisualStudioVersion = 10.0.40219.1
Project("{FAE04EC0-301F-11D3-BF4B-00C04F79EFBC}") = "WPF_MixIsDown_V2", "WPF_MixIsDown_V2\WPF_MixIsDown_V2.csproj", "{E777C32A-5441-43D8-B341-8E35CFECD251}"
EndProject
Global
	GlobalSection(SolutionConfigurationPlatforms) = preSolution
		Debug|Any CPU = Debug|Any CPU
		Release|Any CPU = Release|Any CPU
	EndGlobalSection
	GlobalSection(ProjectConfigurationPlatforms) = postSolution
		{E777C32A-5441-43D8-B341-8E35CFECD251}.Debug|Any CPU.ActiveCfg = Debug|Any CPU
		{E777C32A-5441-43D8-B341-8E35CFECD251}.Debug|Any CPU.Build.0 = Debug|Any CPU
		{E777C32A-5441-43D8-B341-8E35CFECD251}.Release|Any CPU.ActiveCfg = Release|Any CPU
		{E777C32A-5441-43D8-B341-8E35CFECD251}.Release|Any CPU.Build.0 = Release|Any CPU
	EndGlobalSection
	GlobalSection(SolutionProperties) = preSolution
		HideSolutionNode = FALSE
	EndGlobalSection
	GlobalSection(ExtensibilityGlobals) = postSolution
		SolutionGuid = {FEC7428D-1DCA-46A4-A44D-F8129877A9C5}
	EndGlobalSection
EndGlobal
