
Microsoft Visual Studio Solution File, Format Version 12.00
# Visual Studio Version 16
VisualStudioVersion = 16.0.31424.327
MinimumVisualStudioVersion = 10.0.40219.1
Project("{FAE04EC0-301F-11D3-BF4B-00C04F79EFBC}") = "WPF_Ripasso2", "WPF_Ripasso2\WPF_Ripasso2.csproj", "{67C64C19-0ABD-4DB9-9E2F-AE59A4AEF19D}"
EndProject
Global
	GlobalSection(SolutionConfigurationPlatforms) = preSolution
		Debug|Any CPU = Debug|Any CPU
		Release|Any CPU = Release|Any CPU
	EndGlobalSection
	GlobalSection(ProjectConfigurationPlatforms) = postSolution
		{67C64C19-0ABD-4DB9-9E2F-AE59A4AEF19D}.Debug|Any CPU.ActiveCfg = Debug|Any CPU
		{67C64C19-0ABD-4DB9-9E2F-AE59A4AEF19D}.Debug|Any CPU.Build.0 = Debug|Any CPU
		{67C64C19-0ABD-4DB9-9E2F-AE59A4AEF19D}.Release|Any CPU.ActiveCfg = Release|Any CPU
		{67C64C19-0ABD-4DB9-9E2F-AE59A4AEF19D}.Release|Any CPU.Build.0 = Release|Any CPU
	EndGlobalSection
	GlobalSection(SolutionProperties) = preSolution
		HideSolutionNode = FALSE
	EndGlobalSection
	GlobalSection(ExtensibilityGlobals) = postSolution
		SolutionGuid = {95BB1204-6DA7-48BC-A744-08A1C7B9F0A6}
	EndGlobalSection
EndGlobal
