
Microsoft Visual Studio Solution File, Format Version 12.00
# Visual Studio Version 16
VisualStudioVersion = 16.0.31424.327
MinimumVisualStudioVersion = 10.0.40219.1
Project("{FAE04EC0-301F-11D3-BF4B-00C04F79EFBC}") = "WPF_FlappyBird", "WPF_FlappyBird\WPF_FlappyBird.csproj", "{407EE468-D142-4DED-9B68-16D910E33A2B}"
EndProject
Global
	GlobalSection(SolutionConfigurationPlatforms) = preSolution
		Debug|Any CPU = Debug|Any CPU
		Release|Any CPU = Release|Any CPU
	EndGlobalSection
	GlobalSection(ProjectConfigurationPlatforms) = postSolution
		{407EE468-D142-4DED-9B68-16D910E33A2B}.Debug|Any CPU.ActiveCfg = Debug|Any CPU
		{407EE468-D142-4DED-9B68-16D910E33A2B}.Debug|Any CPU.Build.0 = Debug|Any CPU
		{407EE468-D142-4DED-9B68-16D910E33A2B}.Release|Any CPU.ActiveCfg = Release|Any CPU
		{407EE468-D142-4DED-9B68-16D910E33A2B}.Release|Any CPU.Build.0 = Release|Any CPU
	EndGlobalSection
	GlobalSection(SolutionProperties) = preSolution
		HideSolutionNode = FALSE
	EndGlobalSection
	GlobalSection(ExtensibilityGlobals) = postSolution
		SolutionGuid = {A517B424-EF0D-41FC-864E-8A472DF4933B}
	EndGlobalSection
EndGlobal
