
Microsoft Visual Studio Solution File, Format Version 12.00
# Visual Studio Version 16
VisualStudioVersion = 16.0.31424.327
MinimumVisualStudioVersion = 10.0.40219.1
Project("{FAE04EC0-301F-11D3-BF4B-00C04F79EFBC}") = "WPF_Ripasso3", "WPF_Ripasso3\WPF_Ripasso3.csproj", "{A8FF45DB-1C88-4B37-A321-945E26E972AB}"
EndProject
Global
	GlobalSection(SolutionConfigurationPlatforms) = preSolution
		Debug|Any CPU = Debug|Any CPU
		Release|Any CPU = Release|Any CPU
	EndGlobalSection
	GlobalSection(ProjectConfigurationPlatforms) = postSolution
		{A8FF45DB-1C88-4B37-A321-945E26E972AB}.Debug|Any CPU.ActiveCfg = Debug|Any CPU
		{A8FF45DB-1C88-4B37-A321-945E26E972AB}.Debug|Any CPU.Build.0 = Debug|Any CPU
		{A8FF45DB-1C88-4B37-A321-945E26E972AB}.Release|Any CPU.ActiveCfg = Release|Any CPU
		{A8FF45DB-1C88-4B37-A321-945E26E972AB}.Release|Any CPU.Build.0 = Release|Any CPU
	EndGlobalSection
	GlobalSection(SolutionProperties) = preSolution
		HideSolutionNode = FALSE
	EndGlobalSection
	GlobalSection(ExtensibilityGlobals) = postSolution
		SolutionGuid = {91B3A226-EDA1-41DD-8247-7B1D51C817FC}
	EndGlobalSection
EndGlobal
