
Microsoft Visual Studio Solution File, Format Version 12.00
# Visual Studio Version 16
VisualStudioVersion = 16.0.31424.327
MinimumVisualStudioVersion = 10.0.40219.1
Project("{FAE04EC0-301F-11D3-BF4B-00C04F79EFBC}") = "WPF_KeyDown", "WPF_KeyDown\WPF_KeyDown.csproj", "{C669D757-1914-41E8-9AD0-3FDDEE4EE9A0}"
EndProject
Global
	GlobalSection(SolutionConfigurationPlatforms) = preSolution
		Debug|Any CPU = Debug|Any CPU
		Release|Any CPU = Release|Any CPU
	EndGlobalSection
	GlobalSection(ProjectConfigurationPlatforms) = postSolution
		{C669D757-1914-41E8-9AD0-3FDDEE4EE9A0}.Debug|Any CPU.ActiveCfg = Debug|Any CPU
		{C669D757-1914-41E8-9AD0-3FDDEE4EE9A0}.Debug|Any CPU.Build.0 = Debug|Any CPU
		{C669D757-1914-41E8-9AD0-3FDDEE4EE9A0}.Release|Any CPU.ActiveCfg = Release|Any CPU
		{C669D757-1914-41E8-9AD0-3FDDEE4EE9A0}.Release|Any CPU.Build.0 = Release|Any CPU
	EndGlobalSection
	GlobalSection(SolutionProperties) = preSolution
		HideSolutionNode = FALSE
	EndGlobalSection
	GlobalSection(ExtensibilityGlobals) = postSolution
		SolutionGuid = {35404851-EA90-4914-9CE1-8B4BA66B9953}
	EndGlobalSection
EndGlobal
