
Microsoft Visual Studio Solution File, Format Version 12.00
# Visual Studio Version 16
VisualStudioVersion = 16.0.31424.327
MinimumVisualStudioVersion = 10.0.40219.1
Project("{FAE04EC0-301F-11D3-BF4B-00C04F79EFBC}") = "WPF_Controls", "WPF_Controls\WPF_Controls.csproj", "{DE342173-CA37-4883-B461-2903BED65C80}"
EndProject
Global
	GlobalSection(SolutionConfigurationPlatforms) = preSolution
		Debug|Any CPU = Debug|Any CPU
		Release|Any CPU = Release|Any CPU
	EndGlobalSection
	GlobalSection(ProjectConfigurationPlatforms) = postSolution
		{DE342173-CA37-4883-B461-2903BED65C80}.Debug|Any CPU.ActiveCfg = Debug|Any CPU
		{DE342173-CA37-4883-B461-2903BED65C80}.Debug|Any CPU.Build.0 = Debug|Any CPU
		{DE342173-CA37-4883-B461-2903BED65C80}.Release|Any CPU.ActiveCfg = Release|Any CPU
		{DE342173-CA37-4883-B461-2903BED65C80}.Release|Any CPU.Build.0 = Release|Any CPU
	EndGlobalSection
	GlobalSection(SolutionProperties) = preSolution
		HideSolutionNode = FALSE
	EndGlobalSection
	GlobalSection(ExtensibilityGlobals) = postSolution
		SolutionGuid = {0A7ACDBA-88A7-478A-B29D-6865DED61C37}
	EndGlobalSection
EndGlobal
